# This file was autogenerated by Stack.
# You should not edit this file by hand.
# For more information, please see the documentation at:
#   https://docs.haskellstack.org/en/stable/lock_files

packages:
- completed:
    hackage: galois-field-0.2.1@sha256:6456f9a7118d0d6231bd686c1984db4a6d173cb05cd33882a5c7bc62acc6771b,2938
    pantry-tree:
      size: 822
      sha256: 828a156cc77e1057944072ee82ec6e8eae0efc7a017f0658b6c3df8ca16f9ce2
  original:
    hackage: galois-field-0.2.1
snapshots:
- completed:
    size: 498155
    url: https://raw.githubusercontent.com/commercialhaskell/stackage-snapshots/master/lts/13/19.yaml
    sha256: b9367a80d4393d02e58a46b8a9fdfbd7bc19f59c0c2bbf90034ba15cf52cf213
  original: lts-13.19
