# This file was autogenerated by Stack.
# You should not edit this file by hand.
# For more information, please see the documentation at:
#   https://docs.haskellstack.org/en/stable/lock_files

packages:
- completed:
    hackage: galois-field-0.2.1@sha256:6456f9a7118d0d6231bd686c1984db4a6d173cb05cd33882a5c7bc62acc6771b,2938
    pantry-tree:
      size: 822
      sha256: 828a156cc77e1057944072ee82ec6e8eae0efc7a017f0658b6c3df8ca16f9ce2
  original:
    hackage: galois-field-0.2.1
snapshots:
- completed:
    size: 509471
    url: https://raw.githubusercontent.com/commercialhaskell/stackage-snapshots/master/lts/12/26.yaml
    sha256: 95f014df58d0679b1c4a2b7bf2b652b61da8d30de5f571abb0d59015ef678646
  original: lts-12.26
