# This file was autogenerated by Stack.
# You should not edit this file by hand.
# For more information, please see the documentation at:
#   https://docs.haskellstack.org/en/stable/lock_files

packages:
- completed:
    hackage: bitvec-1.0.2.0@sha256:492256514c4c7297d6b09f1dfdcb0fe579f1896b8ace89cb33842f797ac91544,4232
    pantry-tree:
      size: 2371
      sha256: 9b2b82291d9a5480183e81c121801cc8401fa65b54edd027087e298c9b3b1880
  original:
    hackage: bitvec-1.0.2.0
- completed:
    hackage: galois-field-1.0.1@sha256:03acdc17850ff8bcd248aeb38cc7beb44d8b00216fd987cb8184579561c19d1f,3533
    pantry-tree:
      size: 1444
      sha256: 92be77f6b8dd414c3203ba6e401e69bd5e7003e7cf0628d28febf55e3e3ed7cb
  original:
    hackage: galois-field-1.0.1
- completed:
    hackage: poly-0.3.2.0@sha256:2cba686238c5074d551a56375f441b18745fbc465cdc3e0acf1701ae928f3ae9,1918
    pantry-tree:
      size: 1451
      sha256: 0a08b17044344cfa9923aefddad623987d12ed2d25738f5acb46f2ec71f8610d
  original:
    hackage: poly-0.3.2.0
- completed:
    hackage: semirings-0.5.1@sha256:597e4070dcb75c3e347566114e140ba343843f80f3e16a456bb2e9e9d1d09430,3743
    pantry-tree:
      size: 610
      sha256: cc4e01176f1a56c97dc923416a6939dcdc004584cccf8a2b1c67bd156b31179a
  original:
    hackage: semirings-0.5.1
snapshots:
- completed:
    size: 523700
    url: https://raw.githubusercontent.com/commercialhaskell/stackage-snapshots/master/lts/14/7.yaml
    sha256: 8e3f3c894be74d71fa4bf085e0a8baae7e4d7622d07ea31a52736b80f8b9bb1a
  original: lts-14.7
